{
    "_readme": [
        "This file locks the dependencies of your project to a known state",
        "Read more about it at https://getcomposer.org/doc/01-basic-usage.md#composer-lock-the-lock-file",
        "This file is @generated automatically"
    ],
    "hash": "e2837099da02fecc1a43cb5992c4a268",
    "content-hash": "4875a5da8f2e4681ffc82e4c0a0ea24a",
    "packages": [
        {
            "name": "dibi/dibi",
            "version": "v3.0.7",
            "source": {
                "type": "git",
                "url": "https://github.com/dg/dibi.git",
                "reference": "22e6ea4e404504bb23a7075ed54c64e5d9bfb0e2"
            },
            "dist": {
                "type": "zip",
                "url": "https://api.github.com/repos/dg/dibi/zipball/22e6ea4e404504bb23a7075ed54c64e5d9bfb0e2",
                "reference": "22e6ea4e404504bb23a7075ed54c64e5d9bfb0e2",
                "shasum": ""
            },
            "require": {
                "php": ">=5.4.4"
            },
            "replace": {
                "dg/dibi": "*"
            },
            "require-dev": {
                "nette/tester": "~1.7",
                "tracy/tracy": "~2.2"
            },
            "type": "library",
            "extra": {
                "branch-alias": {
                    "dev-master": "3.0-dev"
                }
            },
            "autoload": {
                "classmap": [
                    "src/"
                ],
                "files": [
                    "src/loader.php"
                ]
            },
            "notification-url": "https://packagist.org/downloads/",
            "license": [
                "BSD-3-Clause",
                "GPL-2.0",
                "GPL-3.0"
            ],
            "authors": [
                {
                    "name": "David Grudl",
                    "homepage": "https://davidgrudl.com"
                }
            ],
            "description": "Dibi is Database Abstraction Library for PHP",
            "homepage": "https://dibiphp.com",
            "keywords": [
                "access",
                "database",
                "dbal",
                "mssql",
                "mysql",
                "odbc",
                "oracle",
                "pdo",
                "postgresql",
                "sqlite",
                "sqlsrv"
            ],
            "time": "2017-01-04 14:18:17"
        },
        {
            "name": "nette/tester",
            "version": "v1.7.1",
            "source": {
                "type": "git",
                "url": "https://github.com/nette/tester.git",
                "reference": "d97534578e8cf66eabe081e7d5eaa4dd527ab0c8"
            },
            "dist": {
                "type": "zip",
                "url": "https://api.github.com/repos/nette/tester/zipball/d97534578e8cf66eabe081e7d5eaa4dd527ab0c8",
                "reference": "d97534578e8cf66eabe081e7d5eaa4dd527ab0c8",
                "shasum": ""
            },
            "require": {
                "php": ">=5.3.0"
            },
            "bin": [
                "src/tester"
            ],
            "type": "library",
            "extra": {
                "branch-alias": {
                    "dev-master": "1.7-dev"
                }
            },
            "autoload": {
                "classmap": [
                    "src/"
                ]
            },
            "notification-url": "https://packagist.org/downloads/",
            "license": [
                "BSD-3-Clause",
                "GPL-2.0",
                "GPL-3.0"
            ],
            "authors": [
                {
                    "name": "David Grudl",
                    "homepage": "https://davidgrudl.com"
                },
                {
                    "name": "Nette Community",
                    "homepage": "https://nette.org/contributors"
                }
            ],
            "description": "An easy-to-use PHP unit testing framework.",
            "homepage": "https://tester.nette.org",
            "keywords": [
                "nette",
                "testing",
                "unit"
            ],
            "time": "2016-03-19 14:34:02"
        },
        {
            "name": "tharos/leanmapper",
            "version": "v3.1.1",
            "source": {
                "type": "git",
                "url": "https://github.com/Tharos/LeanMapper.git",
                "reference": "ad4dbf6870ccc2dffa176f0ca8366b992e2a957a"
            },
            "dist": {
                "type": "zip",
                "url": "https://api.github.com/repos/Tharos/LeanMapper/zipball/ad4dbf6870ccc2dffa176f0ca8366b992e2a957a",
                "reference": "ad4dbf6870ccc2dffa176f0ca8366b992e2a957a",
                "shasum": ""
            },
            "require": {
                "dibi/dibi": "~3.0",
                "php": ">= 5.4"
            },
            "require-dev": {
                "nette/bootstrap": "~2.2",
                "nette/di": "~2.2",
                "nette/robot-loader": "~2.2",
                "nette/tester": "~1.0"
            },
            "type": "library",
            "autoload": {
                "psr-0": {
                    "LeanMapper": "src/"
                }
            },
            "notification-url": "https://packagist.org/downloads/",
            "license": [
                "MIT"
            ],
            "authors": [
                {
                    "name": "Vojtěch Kohout",
                    "role": "Author"
                },
                {
                    "name": "Miroslav Paulík",
                    "role": "Maintainer"
                }
            ],
            "description": "Tiny ORM based on powerful dibi database abstraction library for PHP 5.",
            "homepage": "http://www.leanmapper.com",
            "time": "2016-07-10 09:10:35"
        }
    ],
    "packages-dev": [],
    "aliases": [],
    "minimum-stability": "stable",
    "stability-flags": [],
    "prefer-stable": false,
    "prefer-lowest": false,
    "platform": [],
    "platform-dev": []
}
